// !$*UTF8*$!
{
	archiveVersion = 1;
	classes = {
	};
	objectVersion = 50;
	objects = {

/* Begin PBXBuildFile section */
		0421751D2343D0DC00DDAE0D /* RegistrationController.swift in Sources */ = {isa = PBXBuildFile; fileRef = 0421751C2343D0DC00DDAE0D /* RegistrationController.swift */; };
		0421751F2343D32600DDAE0D /* RegistrationView.swift in Sources */ = {isa = PBXBuildFile; fileRef = 0421751E2343D32600DDAE0D /* RegistrationView.swift */; };
		042175212343D8C100DDAE0D /* CustomTextField.swift in Sources */ = {isa = PBXBuildFile; fileRef = 042175202343D8C100DDAE0D /* CustomTextField.swift */; };
		046DEBFB233BF53C0050269B /* AppDelegate.swift in Sources */ = {isa = PBXBuildFile; fileRef = 046DEBFA233BF53C0050269B /* AppDelegate.swift */; };
		046DEBFD233BF53C0050269B /* SceneDelegate.swift in Sources */ = {isa = PBXBuildFile; fileRef = 046DEBFC233BF53C0050269B /* SceneDelegate.swift */; };
		046DEBFF233BF53C0050269B /* HomeController.swift in Sources */ = {isa = PBXBuildFile; fileRef = 046DEBFE233BF53C0050269B /* HomeController.swift */; };
		046DEC02233BF53C0050269B /* Main.storyboard in Resources */ = {isa = PBXBuildFile; fileRef = 046DEC00233BF53C0050269B /* Main.storyboard */; };
		046DEC04233BF53C0050269B /* Assets.xcassets in Resources */ = {isa = PBXBuildFile; fileRef = 046DEC03233BF53C0050269B /* Assets.xcassets */; };
		046DEC07233BF53C0050269B /* LaunchScreen.storyboard in Resources */ = {isa = PBXBuildFile; fileRef = 046DEC05233BF53C0050269B /* LaunchScreen.storyboard */; };
		046DEC10233BF7420050269B /* Extensions+UIView.swift in Sources */ = {isa = PBXBuildFile; fileRef = 046DEC0F233BF7420050269B /* Extensions+UIView.swift */; };
		046DEC13233BFC7A0050269B /* HomeBottomControlsStackView.swift in Sources */ = {isa = PBXBuildFile; fileRef = 046DEC12233BFC7A0050269B /* HomeBottomControlsStackView.swift */; };
		046DEC15233C022C0050269B /* TopNavigationStackView.swift in Sources */ = {isa = PBXBuildFile; fileRef = 046DEC14233C022C0050269B /* TopNavigationStackView.swift */; };
		046DEC17233D314A0050269B /* CardView.swift in Sources */ = {isa = PBXBuildFile; fileRef = 046DEC16233D314A0050269B /* CardView.swift */; };
		046DEC1A233EB8B40050269B /* User.swift in Sources */ = {isa = PBXBuildFile; fileRef = 046DEC19233EB8B40050269B /* User.swift */; };
		046DEC1E233EC8C90050269B /* CardViewModel.swift in Sources */ = {isa = PBXBuildFile; fileRef = 046DEC1D233EC8C90050269B /* CardViewModel.swift */; };
		04B3FEE1233ED0E000DA39B4 /* Advertiser.swift in Sources */ = {isa = PBXBuildFile; fileRef = 04B3FEE0233ED0E000DA39B4 /* Advertiser.swift */; };
/* End PBXBuildFile section */

/* Begin PBXFileReference section */
		0421751C2343D0DC00DDAE0D /* RegistrationController.swift */ = {isa = PBXFileReference; lastKnownFileType = sourcecode.swift; path = RegistrationController.swift; sourceTree = "<group>"; };
		0421751E2343D32600DDAE0D /* RegistrationView.swift */ = {isa = PBXFileReference; lastKnownFileType = sourcecode.swift; path = RegistrationView.swift; sourceTree = "<group>"; };
		042175202343D8C100DDAE0D /* CustomTextField.swift */ = {isa = PBXFileReference; lastKnownFileType = sourcecode.swift; path = CustomTextField.swift; sourceTree = "<group>"; };
		046DEBF7233BF53C0050269B /* Kindled.app */ = {isa = PBXFileReference; explicitFileType = wrapper.application; includeInIndex = 0; path = Kindled.app; sourceTree = BUILT_PRODUCTS_DIR; };
		046DEBFA233BF53C0050269B /* AppDelegate.swift */ = {isa = PBXFileReference; lastKnownFileType = sourcecode.swift; path = AppDelegate.swift; sourceTree = "<group>"; };
		046DEBFC233BF53C0050269B /* SceneDelegate.swift */ = {isa = PBXFileReference; lastKnownFileType = sourcecode.swift; path = SceneDelegate.swift; sourceTree = "<group>"; };
		046DEBFE233BF53C0050269B /* HomeController.swift */ = {isa = PBXFileReference; lastKnownFileType = sourcecode.swift; path = HomeController.swift; sourceTree = "<group>"; };
		046DEC01233BF53C0050269B /* Base */ = {isa = PBXFileReference; lastKnownFileType = file.storyboard; name = Base; path = Base.lproj/Main.storyboard; sourceTree = "<group>"; };
		046DEC03233BF53C0050269B /* Assets.xcassets */ = {isa = PBXFileReference; lastKnownFileType = folder.assetcatalog; path = Assets.xcassets; sourceTree = "<group>"; };
		046DEC06233BF53C0050269B /* Base */ = {isa = PBXFileReference; lastKnownFileType = file.storyboard; name = Base; path = Base.lproj/LaunchScreen.storyboard; sourceTree = "<group>"; };
		046DEC08233BF53C0050269B /* Info.plist */ = {isa = PBXFileReference; lastKnownFileType = text.plist.xml; path = Info.plist; sourceTree = "<group>"; };
		046DEC0F233BF7420050269B /* Extensions+UIView.swift */ = {isa = PBXFileReference; fileEncoding = 4; lastKnownFileType = sourcecode.swift; path = "Extensions+UIView.swift"; sourceTree = "<group>"; };
		046DEC12233BFC7A0050269B /* HomeBottomControlsStackView.swift */ = {isa = PBXFileReference; lastKnownFileType = sourcecode.swift; path = HomeBottomControlsStackView.swift; sourceTree = "<group>"; };
		046DEC14233C022C0050269B /* TopNavigationStackView.swift */ = {isa = PBXFileReference; lastKnownFileType = sourcecode.swift; path = TopNavigationStackView.swift; sourceTree = "<group>"; };
		046DEC16233D314A0050269B /* CardView.swift */ = {isa = PBXFileReference; lastKnownFileType = sourcecode.swift; path = CardView.swift; sourceTree = "<group>"; };
		046DEC19233EB8B40050269B /* User.swift */ = {isa = PBXFileReference; lastKnownFileType = sourcecode.swift; path = User.swift; sourceTree = "<group>"; };
		046DEC1D233EC8C90050269B /* CardViewModel.swift */ = {isa = PBXFileReference; lastKnownFileType = sourcecode.swift; path = CardViewModel.swift; sourceTree = "<group>"; };
		04B3FEE0233ED0E000DA39B4 /* Advertiser.swift */ = {isa = PBXFileReference; lastKnownFileType = sourcecode.swift; path = Advertiser.swift; sourceTree = "<group>"; };
/* End PBXFileReference section */

/* Begin PBXFrameworksBuildPhase section */
		046DEBF4233BF53C0050269B /* Frameworks */ = {
			isa = PBXFrameworksBuildPhase;
			buildActionMask = 2147483647;
			files = (
			);
			runOnlyForDeploymentPostprocessing = 0;
		};
/* End PBXFrameworksBuildPhase section */

/* Begin PBXGroup section */
		046DEBEE233BF53C0050269B = {
			isa = PBXGroup;
			children = (
				046DEBF9233BF53C0050269B /* Kindled */,
				046DEBF8233BF53C0050269B /* Products */,
			);
			sourceTree = "<group>";
		};
		046DEBF8233BF53C0050269B /* Products */ = {
			isa = PBXGroup;
			children = (
				046DEBF7233BF53C0050269B /* Kindled.app */,
			);
			name = Products;
			sourceTree = "<group>";
		};
		046DEBF9233BF53C0050269B /* Kindled */ = {
			isa = PBXGroup;
			children = (
				046DEC1C233EC8AA0050269B /* ViewModels */,
				046DEC0E233BF7320050269B /* Extensions */,
				046DEC18233EB8930050269B /* Models */,
				046DEC11233BFC420050269B /* Views */,
				046DEC1B233EC8090050269B /* Controllers */,
				046DEBFA233BF53C0050269B /* AppDelegate.swift */,
				046DEBFC233BF53C0050269B /* SceneDelegate.swift */,
				046DEC00233BF53C0050269B /* Main.storyboard */,
				046DEC03233BF53C0050269B /* Assets.xcassets */,
				046DEC05233BF53C0050269B /* LaunchScreen.storyboard */,
				046DEC08233BF53C0050269B /* Info.plist */,
			);
			path = Kindled;
			sourceTree = "<group>";
		};
		046DEC0E233BF7320050269B /* Extensions */ = {
			isa = PBXGroup;
			children = (
				046DEC0F233BF7420050269B /* Extensions+UIView.swift */,
				042175202343D8C100DDAE0D /* CustomTextField.swift */,
			);
			path = Extensions;
			sourceTree = "<group>";
		};
		046DEC11233BFC420050269B /* Views */ = {
			isa = PBXGroup;
			children = (
				046DEC14233C022C0050269B /* TopNavigationStackView.swift */,
				046DEC12233BFC7A0050269B /* HomeBottomControlsStackView.swift */,
				046DEC16233D314A0050269B /* CardView.swift */,
				0421751E2343D32600DDAE0D /* RegistrationView.swift */,
			);
			path = Views;
			sourceTree = "<group>";
		};
		046DEC18233EB8930050269B /* Models */ = {
			isa = PBXGroup;
			children = (
				046DEC19233EB8B40050269B /* User.swift */,
				04B3FEE0233ED0E000DA39B4 /* Advertiser.swift */,
			);
			path = Models;
			sourceTree = "<group>";
		};
		046DEC1B233EC8090050269B /* Controllers */ = {
			isa = PBXGroup;
			children = (
				046DEBFE233BF53C0050269B /* HomeController.swift */,
				0421751C2343D0DC00DDAE0D /* RegistrationController.swift */,
			);
			path = Controllers;
			sourceTree = "<group>";
		};
		046DEC1C233EC8AA0050269B /* ViewModels */ = {
			isa = PBXGroup;
			children = (
				046DEC1D233EC8C90050269B /* CardViewModel.swift */,
			);
			path = ViewModels;
			sourceTree = "<group>";
		};
/* End PBXGroup section */

/* Begin PBXNativeTarget section */
		046DEBF6233BF53C0050269B /* Kindled */ = {
			isa = PBXNativeTarget;
			buildConfigurationList = 046DEC0B233BF53C0050269B /* Build configuration list for PBXNativeTarget "Kindled" */;
			buildPhases = (
				046DEBF3233BF53C0050269B /* Sources */,
				046DEBF4233BF53C0050269B /* Frameworks */,
				046DEBF5233BF53C0050269B /* Resources */,
			);
			buildRules = (
			);
			dependencies = (
			);
			name = Kindled;
			productName = Kindled;
			productReference = 046DEBF7233BF53C0050269B /* Kindled.app */;
			productType = "com.apple.product-type.application";
		};
/* End PBXNativeTarget section */

/* Begin PBXProject section */
		046DEBEF233BF53C0050269B /* Project object */ = {
			isa = PBXProject;
			attributes = {
				LastSwiftUpdateCheck = 1100;
				LastUpgradeCheck = 1100;
				ORGANIZATIONNAME = Deonte;
				TargetAttributes = {
					046DEBF6233BF53C0050269B = {
						CreatedOnToolsVersion = 11.0;
					};
				};
			};
			buildConfigurationList = 046DEBF2233BF53C0050269B /* Build configuration list for PBXProject "Kindled" */;
			compatibilityVersion = "Xcode 9.3";
			developmentRegion = en;
			hasScannedForEncodings = 0;
			knownRegions = (
				en,
				Base,
			);
			mainGroup = 046DEBEE233BF53C0050269B;
			productRefGroup = 046DEBF8233BF53C0050269B /* Products */;
			projectDirPath = "";
			projectRoot = "";
			targets = (
				046DEBF6233BF53C0050269B /* Kindled */,
			);
		};
/* End PBXProject section */

/* Begin PBXResourcesBuildPhase section */
		046DEBF5233BF53C0050269B /* Resources */ = {
			isa = PBXResourcesBuildPhase;
			buildActionMask = 2147483647;
			files = (
				046DEC07233BF53C0050269B /* LaunchScreen.storyboard in Resources */,
				046DEC04233BF53C0050269B /* Assets.xcassets in Resources */,
				046DEC02233BF53C0050269B /* Main.storyboard in Resources */,
			);
			runOnlyForDeploymentPostprocessing = 0;
		};
/* End PBXResourcesBuildPhase section */

/* Begin PBXSourcesBuildPhase section */
		046DEBF3233BF53C0050269B /* Sources */ = {
			isa = PBXSourcesBuildPhase;
			buildActionMask = 2147483647;
			files = (
				042175212343D8C100DDAE0D /* CustomTextField.swift in Sources */,
				04B3FEE1233ED0E000DA39B4 /* Advertiser.swift in Sources */,
				046DEC17233D314A0050269B /* CardView.swift in Sources */,
				046DEC15233C022C0050269B /* TopNavigationStackView.swift in Sources */,
				0421751F2343D32600DDAE0D /* RegistrationView.swift in Sources */,
				046DEBFF233BF53C0050269B /* HomeController.swift in Sources */,
				046DEBFB233BF53C0050269B /* AppDelegate.swift in Sources */,
				046DEC1A233EB8B40050269B /* User.swift in Sources */,
				0421751D2343D0DC00DDAE0D /* RegistrationController.swift in Sources */,
				046DEC13233BFC7A0050269B /* HomeBottomControlsStackView.swift in Sources */,
				046DEC10233BF7420050269B /* Extensions+UIView.swift in Sources */,
				046DEBFD233BF53C0050269B /* SceneDelegate.swift in Sources */,
				046DEC1E233EC8C90050269B /* CardViewModel.swift in Sources */,
			);
			runOnlyForDeploymentPostprocessing = 0;
		};
/* End PBXSourcesBuildPhase section */

/* Begin PBXVariantGroup section */
		046DEC00233BF53C0050269B /* Main.storyboard */ = {
			isa = PBXVariantGroup;
			children = (
				046DEC01233BF53C0050269B /* Base */,
			);
			name = Main.storyboard;
			sourceTree = "<group>";
		};
		046DEC05233BF53C0050269B /* LaunchScreen.storyboard */ = {
			isa = PBXVariantGroup;
			children = (
				046DEC06233BF53C0050269B /* Base */,
			);
			name = LaunchScreen.storyboard;
			sourceTree = "<group>";
		};
/* End PBXVariantGroup section */

/* Begin XCBuildConfiguration section */
		046DEC09233BF53C0050269B /* Debug */ = {
			isa = XCBuildConfiguration;
			buildSettings = {
				ALWAYS_SEARCH_USER_PATHS = NO;
				CLANG_ANALYZER_NONNULL = YES;
				CLANG_ANALYZER_NUMBER_OBJECT_CONVERSION = YES_AGGRESSIVE;
				CLANG_CXX_LANGUAGE_STANDARD = "gnu++14";
				CLANG_CXX_LIBRARY = "libc++";
				CLANG_ENABLE_MODULES = YES;
				CLANG_ENABLE_OBJC_ARC = YES;
				CLANG_ENABLE_OBJC_WEAK = YES;
				CLANG_WARN_BLOCK_CAPTURE_AUTORELEASING = YES;
				CLANG_WARN_BOOL_CONVERSION = YES;
				CLANG_WARN_COMMA = YES;
				CLANG_WARN_CONSTANT_CONVERSION = YES;
				CLANG_WARN_DEPRECATED_OBJC_IMPLEMENTATIONS = YES;
				CLANG_WARN_DIRECT_OBJC_ISA_USAGE = YES_ERROR;
				CLANG_WARN_DOCUMENTATION_COMMENTS = YES;
				CLANG_WARN_EMPTY_BODY = YES;
				CLANG_WARN_ENUM_CONVERSION = YES;
				CLANG_WARN_INFINITE_RECURSION = YES;
				CLANG_WARN_INT_CONVERSION = YES;
				CLANG_WARN_NON_LITERAL_NULL_CONVERSION = YES;
				CLANG_WARN_OBJC_IMPLICIT_RETAIN_SELF = YES;
				CLANG_WARN_OBJC_LITERAL_CONVERSION = YES;
				CLANG_WARN_OBJC_ROOT_CLASS = YES_ERROR;
				CLANG_WARN_RANGE_LOOP_ANALYSIS = YES;
				CLANG_WARN_STRICT_PROTOTYPES = YES;
				CLANG_WARN_SUSPICIOUS_MOVE = YES;
				CLANG_WARN_UNGUARDED_AVAILABILITY = YES_AGGRESSIVE;
				CLANG_WARN_UNREACHABLE_CODE = YES;
				CLANG_WARN__DUPLICATE_METHOD_MATCH = YES;
				COPY_PHASE_STRIP = NO;
				DEBUG_INFORMATION_FORMAT = dwarf;
				ENABLE_STRICT_OBJC_MSGSEND = YES;
				ENABLE_TESTABILITY = YES;
				GCC_C_LANGUAGE_STANDARD = gnu11;
				GCC_DYNAMIC_NO_PIC = NO;
				GCC_NO_COMMON_BLOCKS = YES;
				GCC_OPTIMIZATION_LEVEL = 0;
				GCC_PREPROCESSOR_DEFINITIONS = (
					"DEBUG=1",
					"$(inherited)",
				);
				GCC_WARN_64_TO_32_BIT_CONVERSION = YES;
				GCC_WARN_ABOUT_RETURN_TYPE = YES_ERROR;
				GCC_WARN_UNDECLARED_SELECTOR = YES;
				GCC_WARN_UNINITIALIZED_AUTOS = YES_AGGRESSIVE;
				GCC_WARN_UNUSED_FUNCTION = YES;
				GCC_WARN_UNUSED_VARIABLE = YES;
				IPHONEOS_DEPLOYMENT_TARGET = 13.0;
				MTL_ENABLE_DEBUG_INFO = INCLUDE_SOURCE;
				MTL_FAST_MATH = YES;
				ONLY_ACTIVE_ARCH = YES;
				SDKROOT = iphoneos;
				SWIFT_ACTIVE_COMPILATION_CONDITIONS = DEBUG;
				SWIFT_OPTIMIZATION_LEVEL = "-Onone";
			};
			name = Debug;
		};
		046DEC0A233BF53C0050269B /* Release */ = {
			isa = XCBuildConfiguration;
			buildSettings = {
				ALWAYS_SEARCH_USER_PATHS = NO;
				CLANG_ANALYZER_NONNULL = YES;
				CLANG_ANALYZER_NUMBER_OBJECT_CONVERSION = YES_AGGRESSIVE;
				CLANG_CXX_LANGUAGE_STANDARD = "gnu++14";
				CLANG_CXX_LIBRARY = "libc++";
				CLANG_ENABLE_MODULES = YES;
				CLANG_ENABLE_OBJC_ARC = YES;
				CLANG_ENABLE_OBJC_WEAK = YES;
				CLANG_WARN_BLOCK_CAPTURE_AUTORELEASING = YES;
				CLANG_WARN_BOOL_CONVERSION = YES;
				CLANG_WARN_COMMA = YES;
				CLANG_WARN_CONSTANT_CONVERSION = YES;
				CLANG_WARN_DEPRECATED_OBJC_IMPLEMENTATIONS = YES;
				CLANG_WARN_DIRECT_OBJC_ISA_USAGE = YES_ERROR;
				CLANG_WARN_DOCUMENTATION_COMMENTS = YES;
				CLANG_WARN_EMPTY_BODY = YES;
				CLANG_WARN_ENUM_CONVERSION = YES;
				CLANG_WARN_INFINITE_RECURSION = YES;
				CLANG_WARN_INT_CONVERSION = YES;
				CLANG_WARN_NON_LITERAL_NULL_CONVERSION = YES;
				CLANG_WARN_OBJC_IMPLICIT_RETAIN_SELF = YES;
				CLANG_WARN_OBJC_LITERAL_CONVERSION = YES;
				CLANG_WARN_OBJC_ROOT_CLASS = YES_ERROR;
				CLANG_WARN_RANGE_LOOP_ANALYSIS = YES;
				CLANG_WARN_STRICT_PROTOTYPES = YES;
				CLANG_WARN_SUSPICIOUS_MOVE = YES;
				CLANG_WARN_UNGUARDED_AVAILABILITY = YES_AGGRESSIVE;
				CLANG_WARN_UNREACHABLE_CODE = YES;
				CLANG_WARN__DUPLICATE_METHOD_MATCH = YES;
				COPY_PHASE_STRIP = NO;
				DEBUG_INFORMATION_FORMAT = "dwarf-with-dsym";
				ENABLE_NS_ASSERTIONS = NO;
				ENABLE_STRICT_OBJC_MSGSEND = YES;
				GCC_C_LANGUAGE_STANDARD = gnu11;
				GCC_NO_COMMON_BLOCKS = YES;
				GCC_WARN_64_TO_32_BIT_CONVERSION = YES;
				GCC_WARN_ABOUT_RETURN_TYPE = YES_ERROR;
				GCC_WARN_UNDECLARED_SELECTOR = YES;
				GCC_WARN_UNINITIALIZED_AUTOS = YES_AGGRESSIVE;
				GCC_WARN_UNUSED_FUNCTION = YES;
				GCC_WARN_UNUSED_VARIABLE = YES;
				IPHONEOS_DEPLOYMENT_TARGET = 13.0;
				MTL_ENABLE_DEBUG_INFO = NO;
				MTL_FAST_MATH = YES;
				SDKROOT = iphoneos;
				SWIFT_COMPILATION_MODE = wholemodule;
				SWIFT_OPTIMIZATION_LEVEL = "-O";
				VALIDATE_PRODUCT = YES;
			};
			name = Release;
		};
		046DEC0C233BF53C0050269B /* Debug */ = {
			isa = XCBuildConfiguration;
			buildSettings = {
				ASSETCATALOG_COMPILER_APPICON_NAME = AppIcon;
				CODE_SIGN_STYLE = Automatic;
				DEVELOPMENT_TEAM = 848C2FNJZC;
				INFOPLIST_FILE = Kindled/Info.plist;
				LD_RUNPATH_SEARCH_PATHS = (
					"$(inherited)",
					"@executable_path/Frameworks",
				);
				PRODUCT_BUNDLE_IDENTIFIER = com.deontecodes.Kindled;
				PRODUCT_NAME = "$(TARGET_NAME)";
				SWIFT_VERSION = 5.0;
				TARGETED_DEVICE_FAMILY = "1,2";
			};
			name = Debug;
		};
		046DEC0D233BF53C0050269B /* Release */ = {
			isa = XCBuildConfiguration;
			buildSettings = {
				ASSETCATALOG_COMPILER_APPICON_NAME = AppIcon;
				CODE_SIGN_STYLE = Automatic;
				DEVELOPMENT_TEAM = 848C2FNJZC;
				INFOPLIST_FILE = Kindled/Info.plist;
				LD_RUNPATH_SEARCH_PATHS = (
					"$(inherited)",
					"@executable_path/Frameworks",
				);
				PRODUCT_BUNDLE_IDENTIFIER = com.deontecodes.Kindled;
				PRODUCT_NAME = "$(TARGET_NAME)";
				SWIFT_VERSION = 5.0;
				TARGETED_DEVICE_FAMILY = "1,2";
			};
			name = Release;
		};
/* End XCBuildConfiguration section */

/* Begin XCConfigurationList section */
		046DEBF2233BF53C0050269B /* Build configuration list for PBXProject "Kindled" */ = {
			isa = XCConfigurationList;
			buildConfigurations = (
				046DEC09233BF53C0050269B /* Debug */,
				046DEC0A233BF53C0050269B /* Release */,
			);
			defaultConfigurationIsVisible = 0;
			defaultConfigurationName = Release;
		};
		046DEC0B233BF53C0050269B /* Build configuration list for PBXNativeTarget "Kindled" */ = {
			isa = XCConfigurationList;
			buildConfigurations = (
				046DEC0C233BF53C0050269B /* Debug */,
				046DEC0D233BF53C0050269B /* Release */,
			);
			defaultConfigurationIsVisible = 0;
			defaultConfigurationName = Release;
		};
/* End XCConfigurationList section */
	};
	rootObject = 046DEBEF233BF53C0050269B /* Project object */;
}
